
Microsoft Visual Studio Solution File, Format Version 12.00
# Visual Studio Version 16
VisualStudioVersion = 16.0.29519.181
MinimumVisualStudioVersion = 10.0.40219.1
Project("{FAE04EC0-301F-11D3-BF4B-00C04F79EFBC}") = "BT", "BT\BT.csproj", "{149ACB30-FADB-4536-A4BD-CD0391B5D1C5}"
EndProject
Project("{2150E333-8FDC-42A3-9474-1A3956D46DE8}") = "Solution Items", "Solution Items", "{2E405B3D-DB79-4A16-BF29-E9DBE2046071}"
	ProjectSection(SolutionItems) = preProject
		.editorconfig = .editorconfig
	EndProjectSection
EndProject
Global
	GlobalSection(SolutionConfigurationPlatforms) = preSolution
		Debug|Any CPU = Debug|Any CPU
		Release|Any CPU = Release|Any CPU
	EndGlobalSection
	GlobalSection(ProjectConfigurationPlatforms) = postSolution
		{149ACB30-FADB-4536-A4BD-CD0391B5D1C5}.Debug|Any CPU.ActiveCfg = Debug|Any CPU
		{149ACB30-FADB-4536-A4BD-CD0391B5D1C5}.Debug|Any CPU.Build.0 = Debug|Any CPU
		{149ACB30-FADB-4536-A4BD-CD0391B5D1C5}.Release|Any CPU.ActiveCfg = Release|Any CPU
		{149ACB30-FADB-4536-A4BD-CD0391B5D1C5}.Release|Any CPU.Build.0 = Release|Any CPU
	EndGlobalSection
	GlobalSection(SolutionProperties) = preSolution
		HideSolutionNode = FALSE
	EndGlobalSection
	GlobalSection(ExtensibilityGlobals) = postSolution
		SolutionGuid = {3DDFEAD0-5864-439D-B8FB-DB2E4A89E2CB}
	EndGlobalSection
EndGlobal
